// !$*UTF8*$!
{
	archiveVersion = 1;
	classes = {
	};
	objectVersion = 56;
	objects = {

/* Begin PBXBuildFile section */
		1678BC1180307FD03A4DC1D4 /* Pods_AirportsNearby.framework in Frameworks */ = {isa = PBXBuildFile; fileRef = 16E20D2302EDB840875E1F85 /* Pods_AirportsNearby.framework */; };
		51810EA028E3B8A4005177C3 /* AppDelegate.swift in Sources */ = {isa = PBXBuildFile; fileRef = 51810E9F28E3B8A4005177C3 /* AppDelegate.swift */; };
		51810EA228E3B8A4005177C3 /* SceneDelegate.swift in Sources */ = {isa = PBXBuildFile; fileRef = 51810EA128E3B8A4005177C3 /* SceneDelegate.swift */; };
		51810EA428E3B8A4005177C3 /* SearchViewController.swift in Sources */ = {isa = PBXBuildFile; fileRef = 51810EA328E3B8A4005177C3 /* SearchViewController.swift */; };
		51810EA728E3B8A4005177C3 /* Main.storyboard in Resources */ = {isa = PBXBuildFile; fileRef = 51810EA528E3B8A4005177C3 /* Main.storyboard */; };
		51810EA928E3B8A5005177C3 /* Assets.xcassets in Resources */ = {isa = PBXBuildFile; fileRef = 51810EA828E3B8A5005177C3 /* Assets.xcassets */; };
		51810EAC28E3B8A5005177C3 /* LaunchScreen.storyboard in Resources */ = {isa = PBXBuildFile; fileRef = 51810EAA28E3B8A5005177C3 /* LaunchScreen.storyboard */; };
		51810EB428E3BCBA005177C3 /* DefaultContentView.swift in Sources */ = {isa = PBXBuildFile; fileRef = 51810EB328E3BCBA005177C3 /* DefaultContentView.swift */; };
		51810EB628E3BE54005177C3 /* CityViewCell.swift in Sources */ = {isa = PBXBuildFile; fileRef = 51810EB528E3BE54005177C3 /* CityViewCell.swift */; };
		51810EB828E3C047005177C3 /* TextField + extension.swift in Sources */ = {isa = PBXBuildFile; fileRef = 51810EB728E3C047005177C3 /* TextField + extension.swift */; };
		51810EBA28E3C155005177C3 /* Model.swift in Sources */ = {isa = PBXBuildFile; fileRef = 51810EB928E3C155005177C3 /* Model.swift */; };
		51810EC028E40AFA005177C3 /* DetailedViewController.swift in Sources */ = {isa = PBXBuildFile; fileRef = 51810EBF28E40AFA005177C3 /* DetailedViewController.swift */; };
		51810EC228E425F0005177C3 /* LocationService.swift in Sources */ = {isa = PBXBuildFile; fileRef = 51810EC128E425F0005177C3 /* LocationService.swift */; };
		51810EC428E49032005177C3 /* AirportsViewModel.swift in Sources */ = {isa = PBXBuildFile; fileRef = 51810EC328E49032005177C3 /* AirportsViewModel.swift */; };
		51810EE828E5327F005177C3 /* UserSettings.swift in Sources */ = {isa = PBXBuildFile; fileRef = 51810EE728E5327F005177C3 /* UserSettings.swift */; };
		51810EF128E5CB1A005177C3 /* Keyboard + extension.swift in Sources */ = {isa = PBXBuildFile; fileRef = 51810EF028E5CB1A005177C3 /* Keyboard + extension.swift */; };
/* End PBXBuildFile section */

/* Begin PBXFileReference section */
		16E20D2302EDB840875E1F85 /* Pods_AirportsNearby.framework */ = {isa = PBXFileReference; explicitFileType = wrapper.framework; includeInIndex = 0; path = Pods_AirportsNearby.framework; sourceTree = BUILT_PRODUCTS_DIR; };
		51810E9C28E3B8A4005177C3 /* AirportsNearby.app */ = {isa = PBXFileReference; explicitFileType = wrapper.application; includeInIndex = 0; path = AirportsNearby.app; sourceTree = BUILT_PRODUCTS_DIR; };
		51810E9F28E3B8A4005177C3 /* AppDelegate.swift */ = {isa = PBXFileReference; lastKnownFileType = sourcecode.swift; path = AppDelegate.swift; sourceTree = "<group>"; };
		51810EA128E3B8A4005177C3 /* SceneDelegate.swift */ = {isa = PBXFileReference; lastKnownFileType = sourcecode.swift; path = SceneDelegate.swift; sourceTree = "<group>"; };
		51810EA328E3B8A4005177C3 /* SearchViewController.swift */ = {isa = PBXFileReference; lastKnownFileType = sourcecode.swift; path = SearchViewController.swift; sourceTree = "<group>"; };
		51810EA628E3B8A4005177C3 /* Base */ = {isa = PBXFileReference; lastKnownFileType = file.storyboard; name = Base; path = Base.lproj/Main.storyboard; sourceTree = "<group>"; };
		51810EA828E3B8A5005177C3 /* Assets.xcassets */ = {isa = PBXFileReference; lastKnownFileType = folder.assetcatalog; path = Assets.xcassets; sourceTree = "<group>"; };
		51810EAB28E3B8A5005177C3 /* Base */ = {isa = PBXFileReference; lastKnownFileType = file.storyboard; name = Base; path = Base.lproj/LaunchScreen.storyboard; sourceTree = "<group>"; };
		51810EAD28E3B8A5005177C3 /* Info.plist */ = {isa = PBXFileReference; lastKnownFileType = text.plist.xml; path = Info.plist; sourceTree = "<group>"; };
		51810EB328E3BCBA005177C3 /* DefaultContentView.swift */ = {isa = PBXFileReference; lastKnownFileType = sourcecode.swift; path = DefaultContentView.swift; sourceTree = "<group>"; };
		51810EB528E3BE54005177C3 /* CityViewCell.swift */ = {isa = PBXFileReference; lastKnownFileType = sourcecode.swift; path = CityViewCell.swift; sourceTree = "<group>"; };
		51810EB728E3C047005177C3 /* TextField + extension.swift */ = {isa = PBXFileReference; lastKnownFileType = sourcecode.swift; path = "TextField + extension.swift"; sourceTree = "<group>"; };
		51810EB928E3C155005177C3 /* Model.swift */ = {isa = PBXFileReference; lastKnownFileType = sourcecode.swift; path = Model.swift; sourceTree = "<group>"; };
		51810EBF28E40AFA005177C3 /* DetailedViewController.swift */ = {isa = PBXFileReference; lastKnownFileType = sourcecode.swift; path = DetailedViewController.swift; sourceTree = "<group>"; };
		51810EC128E425F0005177C3 /* LocationService.swift */ = {isa = PBXFileReference; lastKnownFileType = sourcecode.swift; path = LocationService.swift; sourceTree = "<group>"; };
		51810EC328E49032005177C3 /* AirportsViewModel.swift */ = {isa = PBXFileReference; lastKnownFileType = sourcecode.swift; path = AirportsViewModel.swift; sourceTree = "<group>"; };
		51810EE728E5327F005177C3 /* UserSettings.swift */ = {isa = PBXFileReference; lastKnownFileType = sourcecode.swift; path = UserSettings.swift; sourceTree = "<group>"; };
		51810EF028E5CB1A005177C3 /* Keyboard + extension.swift */ = {isa = PBXFileReference; lastKnownFileType = sourcecode.swift; path = "Keyboard + extension.swift"; sourceTree = "<group>"; };
		61F8C702BE09583B9446BFAC /* Pods-AirportsNearby.release.xcconfig */ = {isa = PBXFileReference; includeInIndex = 1; lastKnownFileType = text.xcconfig; name = "Pods-AirportsNearby.release.xcconfig"; path = "Target Support Files/Pods-AirportsNearby/Pods-AirportsNearby.release.xcconfig"; sourceTree = "<group>"; };
		64E934C7515160A2DBEF9ACC /* Pods-AirportsNearby.debug.xcconfig */ = {isa = PBXFileReference; includeInIndex = 1; lastKnownFileType = text.xcconfig; name = "Pods-AirportsNearby.debug.xcconfig"; path = "Target Support Files/Pods-AirportsNearby/Pods-AirportsNearby.debug.xcconfig"; sourceTree = "<group>"; };
/* End PBXFileReference section */

/* Begin PBXFrameworksBuildPhase section */
		51810E9928E3B8A4005177C3 /* Frameworks */ = {
			isa = PBXFrameworksBuildPhase;
			buildActionMask = 2147483647;
			files = (
				1678BC1180307FD03A4DC1D4 /* Pods_AirportsNearby.framework in Frameworks */,
			);
			runOnlyForDeploymentPostprocessing = 0;
		};
/* End PBXFrameworksBuildPhase section */

/* Begin PBXGroup section */
		06A5291E8813389A439A844B /* Frameworks */ = {
			isa = PBXGroup;
			children = (
				16E20D2302EDB840875E1F85 /* Pods_AirportsNearby.framework */,
			);
			name = Frameworks;
			sourceTree = "<group>";
		};
		51810E9328E3B8A4005177C3 = {
			isa = PBXGroup;
			children = (
				51810E9E28E3B8A4005177C3 /* AirportsNearby */,
				51810E9D28E3B8A4005177C3 /* Products */,
				84E0084111793A006A327C77 /* Pods */,
				06A5291E8813389A439A844B /* Frameworks */,
			);
			sourceTree = "<group>";
		};
		51810E9D28E3B8A4005177C3 /* Products */ = {
			isa = PBXGroup;
			children = (
				51810E9C28E3B8A4005177C3 /* AirportsNearby.app */,
			);
			name = Products;
			sourceTree = "<group>";
		};
		51810E9E28E3B8A4005177C3 /* AirportsNearby */ = {
			isa = PBXGroup;
			children = (
				51810EED28E5B071005177C3 /* Model */,
				51810EEC28E5B058005177C3 /* View */,
				51810EEB28E5B03E005177C3 /* ViewModel */,
				51810EE928E5AFF8005177C3 /* Helpers */,
				51810EEA28E5B01F005177C3 /* Resourses */,
				51810EAD28E3B8A5005177C3 /* Info.plist */,
			);
			path = AirportsNearby;
			sourceTree = "<group>";
		};
		51810EE928E5AFF8005177C3 /* Helpers */ = {
			isa = PBXGroup;
			children = (
				51810E9F28E3B8A4005177C3 /* AppDelegate.swift */,
				51810EA128E3B8A4005177C3 /* SceneDelegate.swift */,
				51810EB728E3C047005177C3 /* TextField + extension.swift */,
				51810EC128E425F0005177C3 /* LocationService.swift */,
				51810EE728E5327F005177C3 /* UserSettings.swift */,
				51810EF028E5CB1A005177C3 /* Keyboard + extension.swift */,
			);
			path = Helpers;
			sourceTree = "<group>";
		};
		51810EEA28E5B01F005177C3 /* Resourses */ = {
			isa = PBXGroup;
			children = (
				51810EA828E3B8A5005177C3 /* Assets.xcassets */,
				51810EA528E3B8A4005177C3 /* Main.storyboard */,
				51810EAA28E3B8A5005177C3 /* LaunchScreen.storyboard */,
			);
			path = Resourses;
			sourceTree = "<group>";
		};
		51810EEB28E5B03E005177C3 /* ViewModel */ = {
			isa = PBXGroup;
			children = (
				51810EC328E49032005177C3 /* AirportsViewModel.swift */,
			);
			path = ViewModel;
			sourceTree = "<group>";
		};
		51810EEC28E5B058005177C3 /* View */ = {
			isa = PBXGroup;
			children = (
				51810EA328E3B8A4005177C3 /* SearchViewController.swift */,
				51810EB328E3BCBA005177C3 /* DefaultContentView.swift */,
				51810EBF28E40AFA005177C3 /* DetailedViewController.swift */,
				51810EB528E3BE54005177C3 /* CityViewCell.swift */,
			);
			path = View;
			sourceTree = "<group>";
		};
		51810EED28E5B071005177C3 /* Model */ = {
			isa = PBXGroup;
			children = (
				51810EB928E3C155005177C3 /* Model.swift */,
			);
			path = Model;
			sourceTree = "<group>";
		};
		84E0084111793A006A327C77 /* Pods */ = {
			isa = PBXGroup;
			children = (
				64E934C7515160A2DBEF9ACC /* Pods-AirportsNearby.debug.xcconfig */,
				61F8C702BE09583B9446BFAC /* Pods-AirportsNearby.release.xcconfig */,
			);
			path = Pods;
			sourceTree = "<group>";
		};
/* End PBXGroup section */

/* Begin PBXNativeTarget section */
		51810E9B28E3B8A4005177C3 /* AirportsNearby */ = {
			isa = PBXNativeTarget;
			buildConfigurationList = 51810EB028E3B8A5005177C3 /* Build configuration list for PBXNativeTarget "AirportsNearby" */;
			buildPhases = (
				DD3CBD6C3341C96EA0410677 /* [CP] Check Pods Manifest.lock */,
				51810E9828E3B8A4005177C3 /* Sources */,
				51810E9928E3B8A4005177C3 /* Frameworks */,
				51810E9A28E3B8A4005177C3 /* Resources */,
				4E372AA9170532A2CC4B05AB /* [CP] Embed Pods Frameworks */,
			);
			buildRules = (
			);
			dependencies = (
			);
			name = AirportsNearby;
			productName = AirportsNearby;
			productReference = 51810E9C28E3B8A4005177C3 /* AirportsNearby.app */;
			productType = "com.apple.product-type.application";
		};
/* End PBXNativeTarget section */

/* Begin PBXProject section */
		51810E9428E3B8A4005177C3 /* Project object */ = {
			isa = PBXProject;
			attributes = {
				BuildIndependentTargetsInParallel = 1;
				LastSwiftUpdateCheck = 1400;
				LastUpgradeCheck = 1400;
				TargetAttributes = {
					51810E9B28E3B8A4005177C3 = {
						CreatedOnToolsVersion = 14.0.1;
					};
				};
			};
			buildConfigurationList = 51810E9728E3B8A4005177C3 /* Build configuration list for PBXProject "AirportsNearby" */;
			compatibilityVersion = "Xcode 14.0";
			developmentRegion = en;
			hasScannedForEncodings = 0;
			knownRegions = (
				en,
				Base,
			);
			mainGroup = 51810E9328E3B8A4005177C3;
			productRefGroup = 51810E9D28E3B8A4005177C3 /* Products */;
			projectDirPath = "";
			projectRoot = "";
			targets = (
				51810E9B28E3B8A4005177C3 /* AirportsNearby */,
			);
		};
/* End PBXProject section */

/* Begin PBXResourcesBuildPhase section */
		51810E9A28E3B8A4005177C3 /* Resources */ = {
			isa = PBXResourcesBuildPhase;
			buildActionMask = 2147483647;
			files = (
				51810EAC28E3B8A5005177C3 /* LaunchScreen.storyboard in Resources */,
				51810EA928E3B8A5005177C3 /* Assets.xcassets in Resources */,
				51810EA728E3B8A4005177C3 /* Main.storyboard in Resources */,
			);
			runOnlyForDeploymentPostprocessing = 0;
		};
/* End PBXResourcesBuildPhase section */

/* Begin PBXShellScriptBuildPhase section */
		4E372AA9170532A2CC4B05AB /* [CP] Embed Pods Frameworks */ = {
			isa = PBXShellScriptBuildPhase;
			buildActionMask = 2147483647;
			files = (
			);
			inputFileListPaths = (
				"${PODS_ROOT}/Target Support Files/Pods-AirportsNearby/Pods-AirportsNearby-frameworks-${CONFIGURATION}-input-files.xcfilelist",
			);
			name = "[CP] Embed Pods Frameworks";
			outputFileListPaths = (
				"${PODS_ROOT}/Target Support Files/Pods-AirportsNearby/Pods-AirportsNearby-frameworks-${CONFIGURATION}-output-files.xcfilelist",
			);
			runOnlyForDeploymentPostprocessing = 0;
			shellPath = /bin/sh;
			shellScript = "\"${PODS_ROOT}/Target Support Files/Pods-AirportsNearby/Pods-AirportsNearby-frameworks.sh\"\n";
			showEnvVarsInLog = 0;
		};
		DD3CBD6C3341C96EA0410677 /* [CP] Check Pods Manifest.lock */ = {
			isa = PBXShellScriptBuildPhase;
			buildActionMask = 2147483647;
			files = (
			);
			inputFileListPaths = (
			);
			inputPaths = (
				"${PODS_PODFILE_DIR_PATH}/Podfile.lock",
				"${PODS_ROOT}/Manifest.lock",
			);
			name = "[CP] Check Pods Manifest.lock";
			outputFileListPaths = (
			);
			outputPaths = (
				"$(DERIVED_FILE_DIR)/Pods-AirportsNearby-checkManifestLockResult.txt",
			);
			runOnlyForDeploymentPostprocessing = 0;
			shellPath = /bin/sh;
			shellScript = "diff \"${PODS_PODFILE_DIR_PATH}/Podfile.lock\" \"${PODS_ROOT}/Manifest.lock\" > /dev/null\nif [ $? != 0 ] ; then\n    # print error to STDERR\n    echo \"error: The sandbox is not in sync with the Podfile.lock. Run 'pod install' or update your CocoaPods installation.\" >&2\n    exit 1\nfi\n# This output is used by Xcode 'outputs' to avoid re-running this script phase.\necho \"SUCCESS\" > \"${SCRIPT_OUTPUT_FILE_0}\"\n";
			showEnvVarsInLog = 0;
		};
/* End PBXShellScriptBuildPhase section */

/* Begin PBXSourcesBuildPhase section */
		51810E9828E3B8A4005177C3 /* Sources */ = {
			isa = PBXSourcesBuildPhase;
			buildActionMask = 2147483647;
			files = (
				51810EF128E5CB1A005177C3 /* Keyboard + extension.swift in Sources */,
				51810EBA28E3C155005177C3 /* Model.swift in Sources */,
				51810EA428E3B8A4005177C3 /* SearchViewController.swift in Sources */,
				51810EC028E40AFA005177C3 /* DetailedViewController.swift in Sources */,
				51810EE828E5327F005177C3 /* UserSettings.swift in Sources */,
				51810EB628E3BE54005177C3 /* CityViewCell.swift in Sources */,
				51810EA028E3B8A4005177C3 /* AppDelegate.swift in Sources */,
				51810EC428E49032005177C3 /* AirportsViewModel.swift in Sources */,
				51810EC228E425F0005177C3 /* LocationService.swift in Sources */,
				51810EB828E3C047005177C3 /* TextField + extension.swift in Sources */,
				51810EB428E3BCBA005177C3 /* DefaultContentView.swift in Sources */,
				51810EA228E3B8A4005177C3 /* SceneDelegate.swift in Sources */,
			);
			runOnlyForDeploymentPostprocessing = 0;
		};
/* End PBXSourcesBuildPhase section */

/* Begin PBXVariantGroup section */
		51810EA528E3B8A4005177C3 /* Main.storyboard */ = {
			isa = PBXVariantGroup;
			children = (
				51810EA628E3B8A4005177C3 /* Base */,
			);
			name = Main.storyboard;
			sourceTree = "<group>";
		};
		51810EAA28E3B8A5005177C3 /* LaunchScreen.storyboard */ = {
			isa = PBXVariantGroup;
			children = (
				51810EAB28E3B8A5005177C3 /* Base */,
			);
			name = LaunchScreen.storyboard;
			sourceTree = "<group>";
		};
/* End PBXVariantGroup section */

/* Begin XCBuildConfiguration section */
		51810EAE28E3B8A5005177C3 /* Debug */ = {
			isa = XCBuildConfiguration;
			buildSettings = {
				ALWAYS_SEARCH_USER_PATHS = NO;
				CLANG_ANALYZER_NONNULL = YES;
				CLANG_ANALYZER_NUMBER_OBJECT_CONVERSION = YES_AGGRESSIVE;
				CLANG_CXX_LANGUAGE_STANDARD = "gnu++20";
				CLANG_ENABLE_MODULES = YES;
				CLANG_ENABLE_OBJC_ARC = YES;
				CLANG_ENABLE_OBJC_WEAK = YES;
				CLANG_WARN_BLOCK_CAPTURE_AUTORELEASING = YES;
				CLANG_WARN_BOOL_CONVERSION = YES;
				CLANG_WARN_COMMA = YES;
				CLANG_WARN_CONSTANT_CONVERSION = YES;
				CLANG_WARN_DEPRECATED_OBJC_IMPLEMENTATIONS = YES;
				CLANG_WARN_DIRECT_OBJC_ISA_USAGE = YES_ERROR;
				CLANG_WARN_DOCUMENTATION_COMMENTS = YES;
				CLANG_WARN_EMPTY_BODY = YES;
				CLANG_WARN_ENUM_CONVERSION = YES;
				CLANG_WARN_INFINITE_RECURSION = YES;
				CLANG_WARN_INT_CONVERSION = YES;
				CLANG_WARN_NON_LITERAL_NULL_CONVERSION = YES;
				CLANG_WARN_OBJC_IMPLICIT_RETAIN_SELF = YES;
				CLANG_WARN_OBJC_LITERAL_CONVERSION = YES;
				CLANG_WARN_OBJC_ROOT_CLASS = YES_ERROR;
				CLANG_WARN_QUOTED_INCLUDE_IN_FRAMEWORK_HEADER = YES;
				CLANG_WARN_RANGE_LOOP_ANALYSIS = YES;
				CLANG_WARN_STRICT_PROTOTYPES = YES;
				CLANG_WARN_SUSPICIOUS_MOVE = YES;
				CLANG_WARN_UNGUARDED_AVAILABILITY = YES_AGGRESSIVE;
				CLANG_WARN_UNREACHABLE_CODE = YES;
				CLANG_WARN__DUPLICATE_METHOD_MATCH = YES;
				COPY_PHASE_STRIP = NO;
				DEBUG_INFORMATION_FORMAT = dwarf;
				ENABLE_STRICT_OBJC_MSGSEND = YES;
				ENABLE_TESTABILITY = YES;
				GCC_C_LANGUAGE_STANDARD = gnu11;
				GCC_DYNAMIC_NO_PIC = NO;
				GCC_NO_COMMON_BLOCKS = YES;
				GCC_OPTIMIZATION_LEVEL = 0;
				GCC_PREPROCESSOR_DEFINITIONS = (
					"DEBUG=1",
					"$(inherited)",
				);
				GCC_WARN_64_TO_32_BIT_CONVERSION = YES;
				GCC_WARN_ABOUT_RETURN_TYPE = YES_ERROR;
				GCC_WARN_UNDECLARED_SELECTOR = YES;
				GCC_WARN_UNINITIALIZED_AUTOS = YES_AGGRESSIVE;
				GCC_WARN_UNUSED_FUNCTION = YES;
				GCC_WARN_UNUSED_VARIABLE = YES;
				IPHONEOS_DEPLOYMENT_TARGET = 16.0;
				MTL_ENABLE_DEBUG_INFO = INCLUDE_SOURCE;
				MTL_FAST_MATH = YES;
				ONLY_ACTIVE_ARCH = YES;
				SDKROOT = iphoneos;
				SWIFT_ACTIVE_COMPILATION_CONDITIONS = DEBUG;
				SWIFT_OPTIMIZATION_LEVEL = "-Onone";
			};
			name = Debug;
		};
		51810EAF28E3B8A5005177C3 /* Release */ = {
			isa = XCBuildConfiguration;
			buildSettings = {
				ALWAYS_SEARCH_USER_PATHS = NO;
				CLANG_ANALYZER_NONNULL = YES;
				CLANG_ANALYZER_NUMBER_OBJECT_CONVERSION = YES_AGGRESSIVE;
				CLANG_CXX_LANGUAGE_STANDARD = "gnu++20";
				CLANG_ENABLE_MODULES = YES;
				CLANG_ENABLE_OBJC_ARC = YES;
				CLANG_ENABLE_OBJC_WEAK = YES;
				CLANG_WARN_BLOCK_CAPTURE_AUTORELEASING = YES;
				CLANG_WARN_BOOL_CONVERSION = YES;
				CLANG_WARN_COMMA = YES;
				CLANG_WARN_CONSTANT_CONVERSION = YES;
				CLANG_WARN_DEPRECATED_OBJC_IMPLEMENTATIONS = YES;
				CLANG_WARN_DIRECT_OBJC_ISA_USAGE = YES_ERROR;
				CLANG_WARN_DOCUMENTATION_COMMENTS = YES;
				CLANG_WARN_EMPTY_BODY = YES;
				CLANG_WARN_ENUM_CONVERSION = YES;
				CLANG_WARN_INFINITE_RECURSION = YES;
				CLANG_WARN_INT_CONVERSION = YES;
				CLANG_WARN_NON_LITERAL_NULL_CONVERSION = YES;
				CLANG_WARN_OBJC_IMPLICIT_RETAIN_SELF = YES;
				CLANG_WARN_OBJC_LITERAL_CONVERSION = YES;
				CLANG_WARN_OBJC_ROOT_CLASS = YES_ERROR;
				CLANG_WARN_QUOTED_INCLUDE_IN_FRAMEWORK_HEADER = YES;
				CLANG_WARN_RANGE_LOOP_ANALYSIS = YES;
				CLANG_WARN_STRICT_PROTOTYPES = YES;
				CLANG_WARN_SUSPICIOUS_MOVE = YES;
				CLANG_WARN_UNGUARDED_AVAILABILITY = YES_AGGRESSIVE;
				CLANG_WARN_UNREACHABLE_CODE = YES;
				CLANG_WARN__DUPLICATE_METHOD_MATCH = YES;
				COPY_PHASE_STRIP = NO;
				DEBUG_INFORMATION_FORMAT = "dwarf-with-dsym";
				ENABLE_NS_ASSERTIONS = NO;
				ENABLE_STRICT_OBJC_MSGSEND = YES;
				GCC_C_LANGUAGE_STANDARD = gnu11;
				GCC_NO_COMMON_BLOCKS = YES;
				GCC_WARN_64_TO_32_BIT_CONVERSION = YES;
				GCC_WARN_ABOUT_RETURN_TYPE = YES_ERROR;
				GCC_WARN_UNDECLARED_SELECTOR = YES;
				GCC_WARN_UNINITIALIZED_AUTOS = YES_AGGRESSIVE;
				GCC_WARN_UNUSED_FUNCTION = YES;
				GCC_WARN_UNUSED_VARIABLE = YES;
				IPHONEOS_DEPLOYMENT_TARGET = 16.0;
				MTL_ENABLE_DEBUG_INFO = NO;
				MTL_FAST_MATH = YES;
				SDKROOT = iphoneos;
				SWIFT_COMPILATION_MODE = wholemodule;
				SWIFT_OPTIMIZATION_LEVEL = "-O";
				VALIDATE_PRODUCT = YES;
			};
			name = Release;
		};
		51810EB128E3B8A5005177C3 /* Debug */ = {
			isa = XCBuildConfiguration;
			baseConfigurationReference = 64E934C7515160A2DBEF9ACC /* Pods-AirportsNearby.debug.xcconfig */;
			buildSettings = {
				ASSETCATALOG_COMPILER_APPICON_NAME = AppIcon;
				ASSETCATALOG_COMPILER_GLOBAL_ACCENT_COLOR_NAME = AccentColor;
				CODE_SIGN_STYLE = Automatic;
				CURRENT_PROJECT_VERSION = 1;
				DEVELOPMENT_TEAM = G4MWXT7SFY;
				GENERATE_INFOPLIST_FILE = YES;
				INFOPLIST_FILE = AirportsNearby/Info.plist;
				INFOPLIST_KEY_NSLocationAlwaysAndWhenInUseUsageDescription = "Рассчет расстояния до аэропорта";
				INFOPLIST_KEY_NSLocationWhenInUseUsageDescription = "Джедай, где ты?!";
				INFOPLIST_KEY_UIApplicationSupportsIndirectInputEvents = YES;
				INFOPLIST_KEY_UILaunchStoryboardName = LaunchScreen;
				INFOPLIST_KEY_UIMainStoryboardFile = Main;
				INFOPLIST_KEY_UISupportedInterfaceOrientations_iPad = "UIInterfaceOrientationPortrait UIInterfaceOrientationPortraitUpsideDown UIInterfaceOrientationLandscapeLeft UIInterfaceOrientationLandscapeRight";
				INFOPLIST_KEY_UISupportedInterfaceOrientations_iPhone = "UIInterfaceOrientationPortrait UIInterfaceOrientationLandscapeLeft UIInterfaceOrientationLandscapeRight";
				LD_RUNPATH_SEARCH_PATHS = (
					"$(inherited)",
					"@executable_path/Frameworks",
				);
				MARKETING_VERSION = 1.0;
				PRODUCT_BUNDLE_IDENTIFIER = skillbox.AirportsNearby;
				PRODUCT_NAME = "$(TARGET_NAME)";
				SWIFT_EMIT_LOC_STRINGS = YES;
				SWIFT_VERSION = 5.0;
				TARGETED_DEVICE_FAMILY = "1,2";
			};
			name = Debug;
		};
		51810EB228E3B8A5005177C3 /* Release */ = {
			isa = XCBuildConfiguration;
			baseConfigurationReference = 61F8C702BE09583B9446BFAC /* Pods-AirportsNearby.release.xcconfig */;
			buildSettings = {
				ASSETCATALOG_COMPILER_APPICON_NAME = AppIcon;
				ASSETCATALOG_COMPILER_GLOBAL_ACCENT_COLOR_NAME = AccentColor;
				CODE_SIGN_STYLE = Automatic;
				CURRENT_PROJECT_VERSION = 1;
				DEVELOPMENT_TEAM = G4MWXT7SFY;
				GENERATE_INFOPLIST_FILE = YES;
				INFOPLIST_FILE = AirportsNearby/Info.plist;
				INFOPLIST_KEY_NSLocationAlwaysAndWhenInUseUsageDescription = "Рассчет расстояния до аэропорта";
				INFOPLIST_KEY_NSLocationWhenInUseUsageDescription = "Джедай, где ты?!";
				INFOPLIST_KEY_UIApplicationSupportsIndirectInputEvents = YES;
				INFOPLIST_KEY_UILaunchStoryboardName = LaunchScreen;
				INFOPLIST_KEY_UIMainStoryboardFile = Main;
				INFOPLIST_KEY_UISupportedInterfaceOrientations_iPad = "UIInterfaceOrientationPortrait UIInterfaceOrientationPortraitUpsideDown UIInterfaceOrientationLandscapeLeft UIInterfaceOrientationLandscapeRight";
				INFOPLIST_KEY_UISupportedInterfaceOrientations_iPhone = "UIInterfaceOrientationPortrait UIInterfaceOrientationLandscapeLeft UIInterfaceOrientationLandscapeRight";
				LD_RUNPATH_SEARCH_PATHS = (
					"$(inherited)",
					"@executable_path/Frameworks",
				);
				MARKETING_VERSION = 1.0;
				PRODUCT_BUNDLE_IDENTIFIER = skillbox.AirportsNearby;
				PRODUCT_NAME = "$(TARGET_NAME)";
				SWIFT_EMIT_LOC_STRINGS = YES;
				SWIFT_VERSION = 5.0;
				TARGETED_DEVICE_FAMILY = "1,2";
			};
			name = Release;
		};
/* End XCBuildConfiguration section */

/* Begin XCConfigurationList section */
		51810E9728E3B8A4005177C3 /* Build configuration list for PBXProject "AirportsNearby" */ = {
			isa = XCConfigurationList;
			buildConfigurations = (
				51810EAE28E3B8A5005177C3 /* Debug */,
				51810EAF28E3B8A5005177C3 /* Release */,
			);
			defaultConfigurationIsVisible = 0;
			defaultConfigurationName = Release;
		};
		51810EB028E3B8A5005177C3 /* Build configuration list for PBXNativeTarget "AirportsNearby" */ = {
			isa = XCConfigurationList;
			buildConfigurations = (
				51810EB128E3B8A5005177C3 /* Debug */,
				51810EB228E3B8A5005177C3 /* Release */,
			);
			defaultConfigurationIsVisible = 0;
			defaultConfigurationName = Release;
		};
/* End XCConfigurationList section */
	};
	rootObject = 51810E9428E3B8A4005177C3 /* Project object */;
}
